// !$*UTF8*$!
{
	archiveVersion = 1;
	classes = {
	};
	objectVersion = 46;
	objects = {

/* Begin PBXBuildFile section */
		1737AF871F6F27F9E08047EB /* Pods_VerifyProject.framework in Frameworks */ = {isa = PBXBuildFile; fileRef = 4DFF9D0E9ADAAEF2EF13EA0F /* Pods_VerifyProject.framework */; };
		1C4141D51F4EB85A001C682D /* AppDelegate.swift in Sources */ = {isa = PBXBuildFile; fileRef = 1C4141D41F4EB85A001C682D /* AppDelegate.swift */; };
		1C4141D71F4EB85A001C682D /* ViewController.swift in Sources */ = {isa = PBXBuildFile; fileRef = 1C4141D61F4EB85A001C682D /* ViewController.swift */; };
		1C4141DA1F4EB85A001C682D /* Main.storyboard in Resources */ = {isa = PBXBuildFile; fileRef = 1C4141D81F4EB85A001C682D /* Main.storyboard */; };
		1C4141DC1F4EB85A001C682D /* Assets.xcassets in Resources */ = {isa = PBXBuildFile; fileRef = 1C4141DB1F4EB85A001C682D /* Assets.xcassets */; };
		1C4141DF1F4EB85A001C682D /* LaunchScreen.storyboard in Resources */ = {isa = PBXBuildFile; fileRef = 1C4141DD1F4EB85A001C682D /* LaunchScreen.storyboard */; };
		1C4141E81F4EB8B0001C682D /* Config.swift in Sources */ = {isa = PBXBuildFile; fileRef = 1C4141E71F4EB8B0001C682D /* Config.swift */; };
		1C4141EC1F4EB941001C682D /* Config.rtf in Resources */ = {isa = PBXBuildFile; fileRef = 1C4141EB1F4EB941001C682D /* Config.rtf */; };
/* End PBXBuildFile section */

/* Begin PBXFileReference section */
		1C4141D11F4EB85A001C682D /* VerifyProject.app */ = {isa = PBXFileReference; explicitFileType = wrapper.application; includeInIndex = 0; path = VerifyProject.app; sourceTree = BUILT_PRODUCTS_DIR; };
		1C4141D41F4EB85A001C682D /* AppDelegate.swift */ = {isa = PBXFileReference; lastKnownFileType = sourcecode.swift; path = AppDelegate.swift; sourceTree = "<group>"; };
		1C4141D61F4EB85A001C682D /* ViewController.swift */ = {isa = PBXFileReference; lastKnownFileType = sourcecode.swift; path = ViewController.swift; sourceTree = "<group>"; };
		1C4141D91F4EB85A001C682D /* Base */ = {isa = PBXFileReference; lastKnownFileType = file.storyboard; name = Base; path = Base.lproj/Main.storyboard; sourceTree = "<group>"; };
		1C4141DB1F4EB85A001C682D /* Assets.xcassets */ = {isa = PBXFileReference; lastKnownFileType = folder.assetcatalog; path = Assets.xcassets; sourceTree = "<group>"; };
		1C4141DE1F4EB85A001C682D /* Base */ = {isa = PBXFileReference; lastKnownFileType = file.storyboard; name = Base; path = Base.lproj/LaunchScreen.storyboard; sourceTree = "<group>"; };
		1C4141E01F4EB85A001C682D /* Info.plist */ = {isa = PBXFileReference; lastKnownFileType = text.plist.xml; path = Info.plist; sourceTree = "<group>"; };
		1C4141E71F4EB8B0001C682D /* Config.swift */ = {isa = PBXFileReference; fileEncoding = 4; lastKnownFileType = sourcecode.swift; path = Config.swift; sourceTree = "<group>"; };
		1C4141EB1F4EB941001C682D /* Config.rtf */ = {isa = PBXFileReference; fileEncoding = 4; lastKnownFileType = text.rtf; path = Config.rtf; sourceTree = "<group>"; };
		4DFF9D0E9ADAAEF2EF13EA0F /* Pods_VerifyProject.framework */ = {isa = PBXFileReference; explicitFileType = wrapper.framework; includeInIndex = 0; path = Pods_VerifyProject.framework; sourceTree = BUILT_PRODUCTS_DIR; };
		5328224F569EDCAF85375088 /* Pods-VerifyProject.release.xcconfig */ = {isa = PBXFileReference; includeInIndex = 1; lastKnownFileType = text.xcconfig; name = "Pods-VerifyProject.release.xcconfig"; path = "Pods/Target Support Files/Pods-VerifyProject/Pods-VerifyProject.release.xcconfig"; sourceTree = "<group>"; };
		81920146FB76F3B537208B2D /* Pods-VerifyProject.debug.xcconfig */ = {isa = PBXFileReference; includeInIndex = 1; lastKnownFileType = text.xcconfig; name = "Pods-VerifyProject.debug.xcconfig"; path = "Pods/Target Support Files/Pods-VerifyProject/Pods-VerifyProject.debug.xcconfig"; sourceTree = "<group>"; };
/* End PBXFileReference section */

/* Begin PBXFrameworksBuildPhase section */
		1C4141CE1F4EB85A001C682D /* Frameworks */ = {
			isa = PBXFrameworksBuildPhase;
			buildActionMask = 2147483647;
			files = (
				1737AF871F6F27F9E08047EB /* Pods_VerifyProject.framework in Frameworks */,
			);
			runOnlyForDeploymentPostprocessing = 0;
		};
/* End PBXFrameworksBuildPhase section */

/* Begin PBXGroup section */
		0B8E53C76BBA249579742F77 /* Pods */ = {
			isa = PBXGroup;
			children = (
				81920146FB76F3B537208B2D /* Pods-VerifyProject.debug.xcconfig */,
				5328224F569EDCAF85375088 /* Pods-VerifyProject.release.xcconfig */,
			);
			name = Pods;
			sourceTree = "<group>";
		};
		1C4141C81F4EB85A001C682D = {
			isa = PBXGroup;
			children = (
				1C4141E61F4EB890001C682D /* Config */,
				1C4141D31F4EB85A001C682D /* VerifyProject */,
				1C4141D21F4EB85A001C682D /* Products */,
				0B8E53C76BBA249579742F77 /* Pods */,
				4436CEB4FE24D05482D8CEF5 /* Frameworks */,
			);
			sourceTree = "<group>";
		};
		1C4141D21F4EB85A001C682D /* Products */ = {
			isa = PBXGroup;
			children = (
				1C4141D11F4EB85A001C682D /* VerifyProject.app */,
			);
			name = Products;
			sourceTree = "<group>";
		};
		1C4141D31F4EB85A001C682D /* VerifyProject */ = {
			isa = PBXGroup;
			children = (
				1C4141D41F4EB85A001C682D /* AppDelegate.swift */,
				1C4141D61F4EB85A001C682D /* ViewController.swift */,
				1C4141D81F4EB85A001C682D /* Main.storyboard */,
				1C4141DB1F4EB85A001C682D /* Assets.xcassets */,
				1C4141DD1F4EB85A001C682D /* LaunchScreen.storyboard */,
				1C4141E01F4EB85A001C682D /* Info.plist */,
			);
			path = VerifyProject;
			sourceTree = "<group>";
		};
		1C4141E61F4EB890001C682D /* Config */ = {
			isa = PBXGroup;
			children = (
				1C4141EB1F4EB941001C682D /* Config.rtf */,
				1C4141E71F4EB8B0001C682D /* Config.swift */,
			);
			path = Config;
			sourceTree = "<group>";
		};
		4436CEB4FE24D05482D8CEF5 /* Frameworks */ = {
			isa = PBXGroup;
			children = (
				4DFF9D0E9ADAAEF2EF13EA0F /* Pods_VerifyProject.framework */,
			);
			name = Frameworks;
			sourceTree = "<group>";
		};
/* End PBXGroup section */

/* Begin PBXNativeTarget section */
		1C4141D01F4EB85A001C682D /* VerifyProject */ = {
			isa = PBXNativeTarget;
			buildConfigurationList = 1C4141E31F4EB85A001C682D /* Build configuration list for PBXNativeTarget "VerifyProject" */;
			buildPhases = (
				D1C581B5A52999AF9A1CBF69 /* [CP] Check Pods Manifest.lock */,
				1C4141CD1F4EB85A001C682D /* Sources */,
				1C4141CE1F4EB85A001C682D /* Frameworks */,
				1C4141CF1F4EB85A001C682D /* Resources */,
				788AD965BF7883C56A984AE5 /* [CP] Embed Pods Frameworks */,
				2C91E6E24CE150CC5FF80920 /* [CP] Copy Pods Resources */,
			);
			buildRules = (
			);
			dependencies = (
			);
			name = VerifyProject;
			productName = VerifyProject;
			productReference = 1C4141D11F4EB85A001C682D /* VerifyProject.app */;
			productType = "com.apple.product-type.application";
		};
/* End PBXNativeTarget section */

/* Begin PBXProject section */
		1C4141C91F4EB85A001C682D /* Project object */ = {
			isa = PBXProject;
			attributes = {
				LastSwiftUpdateCheck = 0830;
				LastUpgradeCheck = 0830;
				ORGANIZATIONNAME = xubojoy;
				TargetAttributes = {
					1C4141D01F4EB85A001C682D = {
						CreatedOnToolsVersion = 8.3.3;
						DevelopmentTeam = 475AM2DC65;
						ProvisioningStyle = Automatic;
					};
				};
			};
			buildConfigurationList = 1C4141CC1F4EB85A001C682D /* Build configuration list for PBXProject "VerifyProject" */;
			compatibilityVersion = "Xcode 3.2";
			developmentRegion = English;
			hasScannedForEncodings = 0;
			knownRegions = (
				en,
				Base,
			);
			mainGroup = 1C4141C81F4EB85A001C682D;
			productRefGroup = 1C4141D21F4EB85A001C682D /* Products */;
			projectDirPath = "";
			projectRoot = "";
			targets = (
				1C4141D01F4EB85A001C682D /* VerifyProject */,
			);
		};
/* End PBXProject section */

/* Begin PBXResourcesBuildPhase section */
		1C4141CF1F4EB85A001C682D /* Resources */ = {
			isa = PBXResourcesBuildPhase;
			buildActionMask = 2147483647;
			files = (
				1C4141DF1F4EB85A001C682D /* LaunchScreen.storyboard in Resources */,
				1C4141DC1F4EB85A001C682D /* Assets.xcassets in Resources */,
				1C4141EC1F4EB941001C682D /* Config.rtf in Resources */,
				1C4141DA1F4EB85A001C682D /* Main.storyboard in Resources */,
			);
			runOnlyForDeploymentPostprocessing = 0;
		};
/* End PBXResourcesBuildPhase section */

/* Begin PBXShellScriptBuildPhase section */
		2C91E6E24CE150CC5FF80920 /* [CP] Copy Pods Resources */ = {
			isa = PBXShellScriptBuildPhase;
			buildActionMask = 2147483647;
			files = (
			);
			inputPaths = (
			);
			name = "[CP] Copy Pods Resources";
			outputPaths = (
			);
			runOnlyForDeploymentPostprocessing = 0;
			shellPath = /bin/sh;
			shellScript = "\"${SRCROOT}/Pods/Target Support Files/Pods-VerifyProject/Pods-VerifyProject-resources.sh\"\n";
			showEnvVarsInLog = 0;
		};
		788AD965BF7883C56A984AE5 /* [CP] Embed Pods Frameworks */ = {
			isa = PBXShellScriptBuildPhase;
			buildActionMask = 2147483647;
			files = (
			);
			inputPaths = (
			);
			name = "[CP] Embed Pods Frameworks";
			outputPaths = (
			);
			runOnlyForDeploymentPostprocessing = 0;
			shellPath = /bin/sh;
			shellScript = "\"${SRCROOT}/Pods/Target Support Files/Pods-VerifyProject/Pods-VerifyProject-frameworks.sh\"\n";
			showEnvVarsInLog = 0;
		};
		D1C581B5A52999AF9A1CBF69 /* [CP] Check Pods Manifest.lock */ = {
			isa = PBXShellScriptBuildPhase;
			buildActionMask = 2147483647;
			files = (
			);
			inputPaths = (
			);
			name = "[CP] Check Pods Manifest.lock";
			outputPaths = (
			);
			runOnlyForDeploymentPostprocessing = 0;
			shellPath = /bin/sh;
			shellScript = "diff \"${PODS_ROOT}/../Podfile.lock\" \"${PODS_ROOT}/Manifest.lock\" > /dev/null\nif [ $? != 0 ] ; then\n    # print error to STDERR\n    echo \"error: The sandbox is not in sync with the Podfile.lock. Run 'pod install' or update your CocoaPods installation.\" >&2\n    exit 1\nfi\n";
			showEnvVarsInLog = 0;
		};
/* End PBXShellScriptBuildPhase section */

/* Begin PBXSourcesBuildPhase section */
		1C4141CD1F4EB85A001C682D /* Sources */ = {
			isa = PBXSourcesBuildPhase;
			buildActionMask = 2147483647;
			files = (
				1C4141D71F4EB85A001C682D /* ViewController.swift in Sources */,
				1C4141D51F4EB85A001C682D /* AppDelegate.swift in Sources */,
				1C4141E81F4EB8B0001C682D /* Config.swift in Sources */,
			);
			runOnlyForDeploymentPostprocessing = 0;
		};
/* End PBXSourcesBuildPhase section */

/* Begin PBXVariantGroup section */
		1C4141D81F4EB85A001C682D /* Main.storyboard */ = {
			isa = PBXVariantGroup;
			children = (
				1C4141D91F4EB85A001C682D /* Base */,
			);
			name = Main.storyboard;
			sourceTree = "<group>";
		};
		1C4141DD1F4EB85A001C682D /* LaunchScreen.storyboard */ = {
			isa = PBXVariantGroup;
			children = (
				1C4141DE1F4EB85A001C682D /* Base */,
			);
			name = LaunchScreen.storyboard;
			sourceTree = "<group>";
		};
/* End PBXVariantGroup section */

/* Begin XCBuildConfiguration section */
		1C4141E11F4EB85A001C682D /* Debug */ = {
			isa = XCBuildConfiguration;
			buildSettings = {
				ALWAYS_SEARCH_USER_PATHS = NO;
				CLANG_ANALYZER_NONNULL = YES;
				CLANG_ANALYZER_NUMBER_OBJECT_CONVERSION = YES_AGGRESSIVE;
				CLANG_CXX_LANGUAGE_STANDARD = "gnu++0x";
				CLANG_CXX_LIBRARY = "libc++";
				CLANG_ENABLE_MODULES = YES;
				CLANG_ENABLE_OBJC_ARC = YES;
				CLANG_WARN_BOOL_CONVERSION = YES;
				CLANG_WARN_CONSTANT_CONVERSION = YES;
				CLANG_WARN_DIRECT_OBJC_ISA_USAGE = YES_ERROR;
				CLANG_WARN_DOCUMENTATION_COMMENTS = YES;
				CLANG_WARN_EMPTY_BODY = YES;
				CLANG_WARN_ENUM_CONVERSION = YES;
				CLANG_WARN_INFINITE_RECURSION = YES;
				CLANG_WARN_INT_CONVERSION = YES;
				CLANG_WARN_OBJC_ROOT_CLASS = YES_ERROR;
				CLANG_WARN_SUSPICIOUS_MOVE = YES;
				CLANG_WARN_UNREACHABLE_CODE = YES;
				CLANG_WARN__DUPLICATE_METHOD_MATCH = YES;
				"CODE_SIGN_IDENTITY[sdk=iphoneos*]" = "iPhone Developer";
				COPY_PHASE_STRIP = NO;
				DEBUG_INFORMATION_FORMAT = dwarf;
				ENABLE_STRICT_OBJC_MSGSEND = YES;
				ENABLE_TESTABILITY = YES;
				GCC_C_LANGUAGE_STANDARD = gnu99;
				GCC_DYNAMIC_NO_PIC = NO;
				GCC_NO_COMMON_BLOCKS = YES;
				GCC_OPTIMIZATION_LEVEL = 0;
				GCC_PREPROCESSOR_DEFINITIONS = (
					"DEBUG=1",
					"$(inherited)",
				);
				GCC_WARN_64_TO_32_BIT_CONVERSION = YES;
				GCC_WARN_ABOUT_RETURN_TYPE = YES_ERROR;
				GCC_WARN_UNDECLARED_SELECTOR = YES;
				GCC_WARN_UNINITIALIZED_AUTOS = YES_AGGRESSIVE;
				GCC_WARN_UNUSED_FUNCTION = YES;
				GCC_WARN_UNUSED_VARIABLE = YES;
				IPHONEOS_DEPLOYMENT_TARGET = 10.3;
				MTL_ENABLE_DEBUG_INFO = YES;
				ONLY_ACTIVE_ARCH = YES;
				SDKROOT = iphoneos;
				SWIFT_ACTIVE_COMPILATION_CONDITIONS = DEBUG;
				SWIFT_OPTIMIZATION_LEVEL = "-Onone";
			};
			name = Debug;
		};
		1C4141E21F4EB85A001C682D /* Release */ = {
			isa = XCBuildConfiguration;
			buildSettings = {
				ALWAYS_SEARCH_USER_PATHS = NO;
				CLANG_ANALYZER_NONNULL = YES;
				CLANG_ANALYZER_NUMBER_OBJECT_CONVERSION = YES_AGGRESSIVE;
				CLANG_CXX_LANGUAGE_STANDARD = "gnu++0x";
				CLANG_CXX_LIBRARY = "libc++";
				CLANG_ENABLE_MODULES = YES;
				CLANG_ENABLE_OBJC_ARC = YES;
				CLANG_WARN_BOOL_CONVERSION = YES;
				CLANG_WARN_CONSTANT_CONVERSION = YES;
				CLANG_WARN_DIRECT_OBJC_ISA_USAGE = YES_ERROR;
				CLANG_WARN_DOCUMENTATION_COMMENTS = YES;
				CLANG_WARN_EMPTY_BODY = YES;
				CLANG_WARN_ENUM_CONVERSION = YES;
				CLANG_WARN_INFINITE_RECURSION = YES;
				CLANG_WARN_INT_CONVERSION = YES;
				CLANG_WARN_OBJC_ROOT_CLASS = YES_ERROR;
				CLANG_WARN_SUSPICIOUS_MOVE = YES;
				CLANG_WARN_UNREACHABLE_CODE = YES;
				CLANG_WARN__DUPLICATE_METHOD_MATCH = YES;
				"CODE_SIGN_IDENTITY[sdk=iphoneos*]" = "iPhone Developer";
				COPY_PHASE_STRIP = NO;
				DEBUG_INFORMATION_FORMAT = "dwarf-with-dsym";
				ENABLE_NS_ASSERTIONS = NO;
				ENABLE_STRICT_OBJC_MSGSEND = YES;
				GCC_C_LANGUAGE_STANDARD = gnu99;
				GCC_NO_COMMON_BLOCKS = YES;
				GCC_WARN_64_TO_32_BIT_CONVERSION = YES;
				GCC_WARN_ABOUT_RETURN_TYPE = YES_ERROR;
				GCC_WARN_UNDECLARED_SELECTOR = YES;
				GCC_WARN_UNINITIALIZED_AUTOS = YES_AGGRESSIVE;
				GCC_WARN_UNUSED_FUNCTION = YES;
				GCC_WARN_UNUSED_VARIABLE = YES;
				IPHONEOS_DEPLOYMENT_TARGET = 10.3;
				MTL_ENABLE_DEBUG_INFO = NO;
				SDKROOT = iphoneos;
				SWIFT_OPTIMIZATION_LEVEL = "-Owholemodule";
				VALIDATE_PRODUCT = YES;
			};
			name = Release;
		};
		1C4141E41F4EB85A001C682D /* Debug */ = {
			isa = XCBuildConfiguration;
			baseConfigurationReference = 81920146FB76F3B537208B2D /* Pods-VerifyProject.debug.xcconfig */;
			buildSettings = {
				ASSETCATALOG_COMPILER_APPICON_NAME = AppIcon;
				DEVELOPMENT_TEAM = 475AM2DC65;
				INFOPLIST_FILE = VerifyProject/Info.plist;
				LD_RUNPATH_SEARCH_PATHS = "$(inherited) @executable_path/Frameworks";
				PRODUCT_BUNDLE_IDENTIFIER = com.golfd.VerifyProject;
				PRODUCT_NAME = "$(TARGET_NAME)";
				SWIFT_VERSION = 3.0;
			};
			name = Debug;
		};
		1C4141E51F4EB85A001C682D /* Release */ = {
			isa = XCBuildConfiguration;
			baseConfigurationReference = 5328224F569EDCAF85375088 /* Pods-VerifyProject.release.xcconfig */;
			buildSettings = {
				ASSETCATALOG_COMPILER_APPICON_NAME = AppIcon;
				DEVELOPMENT_TEAM = 475AM2DC65;
				INFOPLIST_FILE = VerifyProject/Info.plist;
				LD_RUNPATH_SEARCH_PATHS = "$(inherited) @executable_path/Frameworks";
				PRODUCT_BUNDLE_IDENTIFIER = com.golfd.VerifyProject;
				PRODUCT_NAME = "$(TARGET_NAME)";
				SWIFT_VERSION = 3.0;
			};
			name = Release;
		};
/* End XCBuildConfiguration section */

/* Begin XCConfigurationList section */
		1C4141CC1F4EB85A001C682D /* Build configuration list for PBXProject "VerifyProject" */ = {
			isa = XCConfigurationList;
			buildConfigurations = (
				1C4141E11F4EB85A001C682D /* Debug */,
				1C4141E21F4EB85A001C682D /* Release */,
			);
			defaultConfigurationIsVisible = 0;
			defaultConfigurationName = Release;
		};
		1C4141E31F4EB85A001C682D /* Build configuration list for PBXNativeTarget "VerifyProject" */ = {
			isa = XCConfigurationList;
			buildConfigurations = (
				1C4141E41F4EB85A001C682D /* Debug */,
				1C4141E51F4EB85A001C682D /* Release */,
			);
			defaultConfigurationIsVisible = 0;
		};
/* End XCConfigurationList section */
	};
	rootObject = 1C4141C91F4EB85A001C682D /* Project object */;
}
